
Microsoft Visual Studio Solution File, Format Version 12.00
# Visual Studio Version 16
VisualStudioVersion = 16.0.29911.84
MinimumVisualStudioVersion = 15.0.26124.0
Project("{9A19103F-16F7-4668-BE54-9A1E7A4F7556}") = "React.API", "React.API\React.API.csproj", "{44B78A95-0A10-425C-9D6D-AA875713579F}"
EndProject
Project("{2150E333-8FDC-42A3-9474-1A3956D46DE8}") = "Solution Items", "Solution Items", "{80AE8965-6990-4E05-ACD5-30D4AFC2E173}"
	ProjectSection(SolutionItems) = preProject
		.editorconfig = .editorconfig
	EndProjectSection
EndProject
Global
	GlobalSection(SolutionConfigurationPlatforms) = preSolution
		Debug|Any CPU = Debug|Any CPU
		Debug|x64 = Debug|x64
		Debug|x86 = Debug|x86
		Release|Any CPU = Release|Any CPU
		Release|x64 = Release|x64
		Release|x86 = Release|x86
	EndGlobalSection
	GlobalSection(ProjectConfigurationPlatforms) = postSolution
		{44B78A95-0A10-425C-9D6D-AA875713579F}.Debug|Any CPU.ActiveCfg = Debug|Any CPU
		{44B78A95-0A10-425C-9D6D-AA875713579F}.Debug|Any CPU.Build.0 = Debug|Any CPU
		{44B78A95-0A10-425C-9D6D-AA875713579F}.Debug|x64.ActiveCfg = Debug|Any CPU
		{44B78A95-0A10-425C-9D6D-AA875713579F}.Debug|x64.Build.0 = Debug|Any CPU
		{44B78A95-0A10-425C-9D6D-AA875713579F}.Debug|x86.ActiveCfg = Debug|Any CPU
		{44B78A95-0A10-425C-9D6D-AA875713579F}.Debug|x86.Build.0 = Debug|Any CPU
		{44B78A95-0A10-425C-9D6D-AA875713579F}.Release|Any CPU.ActiveCfg = Release|Any CPU
		{44B78A95-0A10-425C-9D6D-AA875713579F}.Release|Any CPU.Build.0 = Release|Any CPU
		{44B78A95-0A10-425C-9D6D-AA875713579F}.Release|x64.ActiveCfg = Release|Any CPU
		{44B78A95-0A10-425C-9D6D-AA875713579F}.Release|x64.Build.0 = Release|Any CPU
		{44B78A95-0A10-425C-9D6D-AA875713579F}.Release|x86.ActiveCfg = Release|Any CPU
		{44B78A95-0A10-425C-9D6D-AA875713579F}.Release|x86.Build.0 = Release|Any CPU
	EndGlobalSection
	GlobalSection(SolutionProperties) = preSolution
		HideSolutionNode = FALSE
	EndGlobalSection
	GlobalSection(ExtensibilityGlobals) = postSolution
		SolutionGuid = {33421A6A-4026-4B8B-8943-FFF3247CD6E5}
	EndGlobalSection
EndGlobal
