
Microsoft Visual Studio Solution File, Format Version 12.00
# Visual Studio Version 16
VisualStudioVersion = 16.0.29911.84
MinimumVisualStudioVersion = 10.0.40219.1
Project("{9A19103F-16F7-4668-BE54-9A1E7A4F7556}") = "API", "API.csproj", "{9588E65E-B20D-42E7-8507-9E5F74AA8857}"
EndProject
Global
	GlobalSection(SolutionConfigurationPlatforms) = preSolution
		Debug|Any CPU = Debug|Any CPU
		Release|Any CPU = Release|Any CPU
	EndGlobalSection
	GlobalSection(ProjectConfigurationPlatforms) = postSolution
		{9588E65E-B20D-42E7-8507-9E5F74AA8857}.Debug|Any CPU.ActiveCfg = Debug|Any CPU
		{9588E65E-B20D-42E7-8507-9E5F74AA8857}.Debug|Any CPU.Build.0 = Debug|Any CPU
		{9588E65E-B20D-42E7-8507-9E5F74AA8857}.Release|Any CPU.ActiveCfg = Release|Any CPU
		{9588E65E-B20D-42E7-8507-9E5F74AA8857}.Release|Any CPU.Build.0 = Release|Any CPU
	EndGlobalSection
	GlobalSection(SolutionProperties) = preSolution
		HideSolutionNode = FALSE
	EndGlobalSection
	GlobalSection(ExtensibilityGlobals) = postSolution
		SolutionGuid = {5ED0CAD4-7EC6-494D-B065-A3F73DEF18B3}
	EndGlobalSection
EndGlobal
